dependencies:
  espressif/libsodium:
    dependencies:
    - name: idf
      version: '>=4.2'
    source:
      path: /mnt/nosnap/idf/committed-libs/esp32-arduino-lib-builder/managed_components/espressif__libsodium
      type: local
    version: 1.0.21
  espressif/mdns:
    dependencies:
    - name: idf
      version: '>=5.0'
    source:
      path: /mnt/nosnap/idf/committed-libs/esp32-arduino-lib-builder/managed_components/espressif__mdns
      type: local
    version: 1.11.1
  idf:
    source:
      type: idf
    version: 5.5.4
  joltwallet/littlefs:
    dependencies:
    - name: idf
      version: '>=5.0'
    source:
      path: /mnt/nosnap/idf/committed-libs/esp32-arduino-lib-builder/managed_components/joltwallet__littlefs
      type: local
    version: 1.21.1
direct_dependencies:
- espressif/libsodium
- espressif/mdns
- idf
- joltwallet/littlefs
manifest_hash: bfc24a1c58ea1a9af7a74687087158c5bf969692bb1a26da3234183b01da3088
target: esp32
version: 2.0.0
