dependencies:
  espressif/libsodium:
    component_hash: 25b968723c584a2742ca36cebe5a7ef049c6767e059f7b1e1eec69946019025d
    dependencies:
    - name: idf
      require: private
      version: '>=4.2'
    source:
      registry_url: https://components.espressif.com/
      type: service
    version: 1.0.20~2
  espressif/mdns:
    component_hash: fe546a92ee741cfabf2c2bb52c9024314e1d0ad32b44794f45323a0ecf1543d7
    dependencies:
    - name: idf
      require: private
      version: '>=5.0'
    source:
      registry_url: https://components.espressif.com/
      type: service
    version: 1.7.0
  idf:
    source:
      type: idf
    version: 5.4.0
  joltwallet/littlefs:
    component_hash: 8dd83825446dfdc7c22bcfa363731d24afc7bd0c8b23ede99359112cfe239e9d
    dependencies:
    - name: idf
      require: private
      version: '>=5.0'
    source:
      registry_url: https://components.espressif.com/
      type: service
    version: 1.18.1
direct_dependencies:
- espressif/libsodium
- espressif/mdns
- idf
- joltwallet/littlefs
manifest_hash: d1f004531b25dc028f055c3ae0691fa38adb9c419649f5627a24b71353a9a89f
target: esp32
version: 2.0.0
